
Microsoft Visual Studio Solution File, Format Version 12.00
# Visual Studio Version 17
VisualStudioVersion = 17.0.31912.275
MinimumVisualStudioVersion = 10.0.40219.1
Project("{6EC3EE1D-3C4E-46DD-8F32-0CC8E7565705}") = "ThumbnailScraper", "ThumbnailScraper\ThumbnailScraper.fsproj", "{50F32292-F98A-4C9A-89B0-E11A4BD8FD2E}"
EndProject
Global
	GlobalSection(SolutionConfigurationPlatforms) = preSolution
		Debug|Any CPU = Debug|Any CPU
		Release|Any CPU = Release|Any CPU
	EndGlobalSection
	GlobalSection(ProjectConfigurationPlatforms) = postSolution
		{50F32292-F98A-4C9A-89B0-E11A4BD8FD2E}.Debug|Any CPU.ActiveCfg = Debug|Any CPU
		{50F32292-F98A-4C9A-89B0-E11A4BD8FD2E}.Debug|Any CPU.Build.0 = Debug|Any CPU
		{50F32292-F98A-4C9A-89B0-E11A4BD8FD2E}.Release|Any CPU.ActiveCfg = Release|Any CPU
		{50F32292-F98A-4C9A-89B0-E11A4BD8FD2E}.Release|Any CPU.Build.0 = Release|Any CPU
	EndGlobalSection
	GlobalSection(SolutionProperties) = preSolution
		HideSolutionNode = FALSE
	EndGlobalSection
	GlobalSection(ExtensibilityGlobals) = postSolution
		SolutionGuid = {3BEBD5F4-2EEF-4D2D-846F-51C7A9002B96}
	EndGlobalSection
EndGlobal
